// !$*UTF8*$!
{
	archiveVersion = 1;
	classes = {
	};
	objectVersion = 50;
	objects = {

/* Begin PBXBuildFile section */
		74705F7E2598E01300C4CC93 /* AppDelegate.swift in Sources */ = {isa = PBXBuildFile; fileRef = 74705F7D2598E01300C4CC93 /* AppDelegate.swift */; };
		74705F802598E01300C4CC93 /* SceneDelegate.swift in Sources */ = {isa = PBXBuildFile; fileRef = 74705F7F2598E01300C4CC93 /* SceneDelegate.swift */; };
		74705F872598E01500C4CC93 /* Assets.xcassets in Resources */ = {isa = PBXBuildFile; fileRef = 74705F862598E01500C4CC93 /* Assets.xcassets */; };
		74705F8A2598E01500C4CC93 /* LaunchScreen.storyboard in Resources */ = {isa = PBXBuildFile; fileRef = 74705F882598E01500C4CC93 /* LaunchScreen.storyboard */; };
		74705F9D259A480D00C4CC93 /* AvitoViewController.swift in Sources */ = {isa = PBXBuildFile; fileRef = 74705F9C259A480D00C4CC93 /* AvitoViewController.swift */; };
		74705FA0259A484100C4CC93 /* AvitoPresenter.swift in Sources */ = {isa = PBXBuildFile; fileRef = 74705F9F259A484100C4CC93 /* AvitoPresenter.swift */; };
		74705FA3259A485600C4CC93 /* AvitoInteractor.swift in Sources */ = {isa = PBXBuildFile; fileRef = 74705FA2259A485600C4CC93 /* AvitoInteractor.swift */; };
		74705FA6259A487100C4CC93 /* AvitoConfigurator.swift in Sources */ = {isa = PBXBuildFile; fileRef = 74705FA5259A487100C4CC93 /* AvitoConfigurator.swift */; };
		74705FA9259A488400C4CC93 /* AvitoRouter.swift in Sources */ = {isa = PBXBuildFile; fileRef = 74705FA8259A488400C4CC93 /* AvitoRouter.swift */; };
		74705FAC259A489400C4CC93 /* AvitoProtocols.swift in Sources */ = {isa = PBXBuildFile; fileRef = 74705FAB259A489400C4CC93 /* AvitoProtocols.swift */; };
		74705FB4259CA4C600C4CC93 /* CustomCollectionViewCell.swift in Sources */ = {isa = PBXBuildFile; fileRef = 74705FB3259CA4C600C4CC93 /* CustomCollectionViewCell.swift */; };
		74705FB8259CA72C00C4CC93 /* ColorExtension.swift in Sources */ = {isa = PBXBuildFile; fileRef = 74705FB7259CA72C00C4CC93 /* ColorExtension.swift */; };
		74705FBD259D23FB00C4CC93 /* ServerService.swift in Sources */ = {isa = PBXBuildFile; fileRef = 74705FBC259D23FB00C4CC93 /* ServerService.swift */; };
		74705FC2259D2FBB00C4CC93 /* result.json in Resources */ = {isa = PBXBuildFile; fileRef = 74705FC1259D2FBB00C4CC93 /* result.json */; };
		74705FC6259D302500C4CC93 /* AvitoData.swift in Sources */ = {isa = PBXBuildFile; fileRef = 74705FC5259D302500C4CC93 /* AvitoData.swift */; };
/* End PBXBuildFile section */

/* Begin PBXFileReference section */
		74705F7A2598E01300C4CC93 /* Internship.app */ = {isa = PBXFileReference; explicitFileType = wrapper.application; includeInIndex = 0; path = Internship.app; sourceTree = BUILT_PRODUCTS_DIR; };
		74705F7D2598E01300C4CC93 /* AppDelegate.swift */ = {isa = PBXFileReference; lastKnownFileType = sourcecode.swift; path = AppDelegate.swift; sourceTree = "<group>"; };
		74705F7F2598E01300C4CC93 /* SceneDelegate.swift */ = {isa = PBXFileReference; lastKnownFileType = sourcecode.swift; path = SceneDelegate.swift; sourceTree = "<group>"; };
		74705F862598E01500C4CC93 /* Assets.xcassets */ = {isa = PBXFileReference; lastKnownFileType = folder.assetcatalog; path = Assets.xcassets; sourceTree = "<group>"; };
		74705F892598E01500C4CC93 /* Base */ = {isa = PBXFileReference; lastKnownFileType = file.storyboard; name = Base; path = Base.lproj/LaunchScreen.storyboard; sourceTree = "<group>"; };
		74705F8B2598E01500C4CC93 /* Info.plist */ = {isa = PBXFileReference; lastKnownFileType = text.plist.xml; path = Info.plist; sourceTree = "<group>"; };
		74705F9C259A480D00C4CC93 /* AvitoViewController.swift */ = {isa = PBXFileReference; lastKnownFileType = sourcecode.swift; path = AvitoViewController.swift; sourceTree = "<group>"; };
		74705F9F259A484100C4CC93 /* AvitoPresenter.swift */ = {isa = PBXFileReference; lastKnownFileType = sourcecode.swift; path = AvitoPresenter.swift; sourceTree = "<group>"; };
		74705FA2259A485600C4CC93 /* AvitoInteractor.swift */ = {isa = PBXFileReference; lastKnownFileType = sourcecode.swift; path = AvitoInteractor.swift; sourceTree = "<group>"; };
		74705FA5259A487100C4CC93 /* AvitoConfigurator.swift */ = {isa = PBXFileReference; lastKnownFileType = sourcecode.swift; path = AvitoConfigurator.swift; sourceTree = "<group>"; };
		74705FA8259A488400C4CC93 /* AvitoRouter.swift */ = {isa = PBXFileReference; lastKnownFileType = sourcecode.swift; path = AvitoRouter.swift; sourceTree = "<group>"; };
		74705FAB259A489400C4CC93 /* AvitoProtocols.swift */ = {isa = PBXFileReference; lastKnownFileType = sourcecode.swift; path = AvitoProtocols.swift; sourceTree = "<group>"; };
		74705FB3259CA4C600C4CC93 /* CustomCollectionViewCell.swift */ = {isa = PBXFileReference; lastKnownFileType = sourcecode.swift; path = CustomCollectionViewCell.swift; sourceTree = "<group>"; };
		74705FB7259CA72C00C4CC93 /* ColorExtension.swift */ = {isa = PBXFileReference; lastKnownFileType = sourcecode.swift; path = ColorExtension.swift; sourceTree = "<group>"; };
		74705FBC259D23FB00C4CC93 /* ServerService.swift */ = {isa = PBXFileReference; lastKnownFileType = sourcecode.swift; path = ServerService.swift; sourceTree = "<group>"; };
		74705FC1259D2FBB00C4CC93 /* result.json */ = {isa = PBXFileReference; fileEncoding = 4; lastKnownFileType = text.json; name = result.json; path = "../New Group/result.json"; sourceTree = "<group>"; };
		74705FC5259D302500C4CC93 /* AvitoData.swift */ = {isa = PBXFileReference; lastKnownFileType = sourcecode.swift; path = AvitoData.swift; sourceTree = "<group>"; };
/* End PBXFileReference section */

/* Begin PBXFrameworksBuildPhase section */
		74705F772598E01300C4CC93 /* Frameworks */ = {
			isa = PBXFrameworksBuildPhase;
			buildActionMask = 2147483647;
			files = (
			);
			runOnlyForDeploymentPostprocessing = 0;
		};
/* End PBXFrameworksBuildPhase section */

/* Begin PBXGroup section */
		74705F712598E01200C4CC93 = {
			isa = PBXGroup;
			children = (
				74705F7C2598E01300C4CC93 /* Internship */,
				74705F7B2598E01300C4CC93 /* Products */,
			);
			sourceTree = "<group>";
		};
		74705F7B2598E01300C4CC93 /* Products */ = {
			isa = PBXGroup;
			children = (
				74705F7A2598E01300C4CC93 /* Internship.app */,
			);
			name = Products;
			sourceTree = "<group>";
		};
		74705F7C2598E01300C4CC93 /* Internship */ = {
			isa = PBXGroup;
			children = (
				74705FBB259D23DE00C4CC93 /* Services */,
				74705F99259A475600C4CC93 /* Modules */,
				74705FD6259F3D0B00C4CC93 /* Data */,
				74705FBF259D2A3600C4CC93 /* Entities */,
				74705FD8259F3D7100C4CC93 /* Configuration */,
				74705FD7259F3D1D00C4CC93 /* Resources */,
				74705FD0259F3AD200C4CC93 /* ApplicationLifeCycle */,
				74705FB6259CA71300C4CC93 /* Extension */,
			);
			path = Internship;
			sourceTree = "<group>";
		};
		74705F99259A475600C4CC93 /* Modules */ = {
			isa = PBXGroup;
			children = (
				74705F9A259A478500C4CC93 /* Avito */,
			);
			path = Modules;
			sourceTree = "<group>";
		};
		74705F9A259A478500C4CC93 /* Avito */ = {
			isa = PBXGroup;
			children = (
				74705FB2259CA42300C4CC93 /* CustomCollectionViewCell */,
				74705F9C259A480D00C4CC93 /* AvitoViewController.swift */,
				74705F9F259A484100C4CC93 /* AvitoPresenter.swift */,
				74705FA2259A485600C4CC93 /* AvitoInteractor.swift */,
				74705FA5259A487100C4CC93 /* AvitoConfigurator.swift */,
				74705FA8259A488400C4CC93 /* AvitoRouter.swift */,
				74705FAB259A489400C4CC93 /* AvitoProtocols.swift */,
			);
			path = Avito;
			sourceTree = "<group>";
		};
		74705FB2259CA42300C4CC93 /* CustomCollectionViewCell */ = {
			isa = PBXGroup;
			children = (
				74705FB3259CA4C600C4CC93 /* CustomCollectionViewCell.swift */,
			);
			path = CustomCollectionViewCell;
			sourceTree = "<group>";
		};
		74705FB6259CA71300C4CC93 /* Extension */ = {
			isa = PBXGroup;
			children = (
				74705FB7259CA72C00C4CC93 /* ColorExtension.swift */,
			);
			path = Extension;
			sourceTree = "<group>";
		};
		74705FBB259D23DE00C4CC93 /* Services */ = {
			isa = PBXGroup;
			children = (
				74705FBC259D23FB00C4CC93 /* ServerService.swift */,
			);
			path = Services;
			sourceTree = "<group>";
		};
		74705FBF259D2A3600C4CC93 /* Entities */ = {
			isa = PBXGroup;
			children = (
				74705FC5259D302500C4CC93 /* AvitoData.swift */,
			);
			path = Entities;
			sourceTree = "<group>";
		};
		74705FD0259F3AD200C4CC93 /* ApplicationLifeCycle */ = {
			isa = PBXGroup;
			children = (
				74705F7D2598E01300C4CC93 /* AppDelegate.swift */,
				74705F7F2598E01300C4CC93 /* SceneDelegate.swift */,
				74705F882598E01500C4CC93 /* LaunchScreen.storyboard */,
			);
			path = ApplicationLifeCycle;
			sourceTree = "<group>";
		};
		74705FD6259F3D0B00C4CC93 /* Data */ = {
			isa = PBXGroup;
			children = (
				74705FC1259D2FBB00C4CC93 /* result.json */,
			);
			path = Data;
			sourceTree = "<group>";
		};
		74705FD7259F3D1D00C4CC93 /* Resources */ = {
			isa = PBXGroup;
			children = (
				74705F862598E01500C4CC93 /* Assets.xcassets */,
			);
			path = Resources;
			sourceTree = "<group>";
		};
		74705FD8259F3D7100C4CC93 /* Configuration */ = {
			isa = PBXGroup;
			children = (
				74705F8B2598E01500C4CC93 /* Info.plist */,
			);
			path = Configuration;
			sourceTree = "<group>";
		};
/* End PBXGroup section */

/* Begin PBXNativeTarget section */
		74705F792598E01300C4CC93 /* Internship */ = {
			isa = PBXNativeTarget;
			buildConfigurationList = 74705F8E2598E01500C4CC93 /* Build configuration list for PBXNativeTarget "Internship" */;
			buildPhases = (
				74705F762598E01300C4CC93 /* Sources */,
				74705F772598E01300C4CC93 /* Frameworks */,
				74705F782598E01300C4CC93 /* Resources */,
			);
			buildRules = (
			);
			dependencies = (
			);
			name = Internship;
			productName = Internship;
			productReference = 74705F7A2598E01300C4CC93 /* Internship.app */;
			productType = "com.apple.product-type.application";
		};
/* End PBXNativeTarget section */

/* Begin PBXProject section */
		74705F722598E01200C4CC93 /* Project object */ = {
			isa = PBXProject;
			attributes = {
				LastSwiftUpdateCheck = 1220;
				LastUpgradeCheck = 1220;
				TargetAttributes = {
					74705F792598E01300C4CC93 = {
						CreatedOnToolsVersion = 12.2;
					};
				};
			};
			buildConfigurationList = 74705F752598E01200C4CC93 /* Build configuration list for PBXProject "Internship" */;
			compatibilityVersion = "Xcode 9.3";
			developmentRegion = en;
			hasScannedForEncodings = 0;
			knownRegions = (
				en,
				Base,
			);
			mainGroup = 74705F712598E01200C4CC93;
			productRefGroup = 74705F7B2598E01300C4CC93 /* Products */;
			projectDirPath = "";
			projectRoot = "";
			targets = (
				74705F792598E01300C4CC93 /* Internship */,
			);
		};
/* End PBXProject section */

/* Begin PBXResourcesBuildPhase section */
		74705F782598E01300C4CC93 /* Resources */ = {
			isa = PBXResourcesBuildPhase;
			buildActionMask = 2147483647;
			files = (
				74705F8A2598E01500C4CC93 /* LaunchScreen.storyboard in Resources */,
				74705F872598E01500C4CC93 /* Assets.xcassets in Resources */,
				74705FC2259D2FBB00C4CC93 /* result.json in Resources */,
			);
			runOnlyForDeploymentPostprocessing = 0;
		};
/* End PBXResourcesBuildPhase section */

/* Begin PBXSourcesBuildPhase section */
		74705F762598E01300C4CC93 /* Sources */ = {
			isa = PBXSourcesBuildPhase;
			buildActionMask = 2147483647;
			files = (
				74705FA9259A488400C4CC93 /* AvitoRouter.swift in Sources */,
				74705FB4259CA4C600C4CC93 /* CustomCollectionViewCell.swift in Sources */,
				74705FBD259D23FB00C4CC93 /* ServerService.swift in Sources */,
				74705FAC259A489400C4CC93 /* AvitoProtocols.swift in Sources */,
				74705FC6259D302500C4CC93 /* AvitoData.swift in Sources */,
				74705F7E2598E01300C4CC93 /* AppDelegate.swift in Sources */,
				74705FA3259A485600C4CC93 /* AvitoInteractor.swift in Sources */,
				74705FA6259A487100C4CC93 /* AvitoConfigurator.swift in Sources */,
				74705F9D259A480D00C4CC93 /* AvitoViewController.swift in Sources */,
				74705FA0259A484100C4CC93 /* AvitoPresenter.swift in Sources */,
				74705FB8259CA72C00C4CC93 /* ColorExtension.swift in Sources */,
				74705F802598E01300C4CC93 /* SceneDelegate.swift in Sources */,
			);
			runOnlyForDeploymentPostprocessing = 0;
		};
/* End PBXSourcesBuildPhase section */

/* Begin PBXVariantGroup section */
		74705F882598E01500C4CC93 /* LaunchScreen.storyboard */ = {
			isa = PBXVariantGroup;
			children = (
				74705F892598E01500C4CC93 /* Base */,
			);
			name = LaunchScreen.storyboard;
			sourceTree = "<group>";
		};
/* End PBXVariantGroup section */

/* Begin XCBuildConfiguration section */
		74705F8C2598E01500C4CC93 /* Debug */ = {
			isa = XCBuildConfiguration;
			buildSettings = {
				ALWAYS_SEARCH_USER_PATHS = NO;
				CLANG_ANALYZER_NONNULL = YES;
				CLANG_ANALYZER_NUMBER_OBJECT_CONVERSION = YES_AGGRESSIVE;
				CLANG_CXX_LANGUAGE_STANDARD = "gnu++14";
				CLANG_CXX_LIBRARY = "libc++";
				CLANG_ENABLE_MODULES = YES;
				CLANG_ENABLE_OBJC_ARC = YES;
				CLANG_ENABLE_OBJC_WEAK = YES;
				CLANG_WARN_BLOCK_CAPTURE_AUTORELEASING = YES;
				CLANG_WARN_BOOL_CONVERSION = YES;
				CLANG_WARN_COMMA = YES;
				CLANG_WARN_CONSTANT_CONVERSION = YES;
				CLANG_WARN_DEPRECATED_OBJC_IMPLEMENTATIONS = YES;
				CLANG_WARN_DIRECT_OBJC_ISA_USAGE = YES_ERROR;
				CLANG_WARN_DOCUMENTATION_COMMENTS = YES;
				CLANG_WARN_EMPTY_BODY = YES;
				CLANG_WARN_ENUM_CONVERSION = YES;
				CLANG_WARN_INFINITE_RECURSION = YES;
				CLANG_WARN_INT_CONVERSION = YES;
				CLANG_WARN_NON_LITERAL_NULL_CONVERSION = YES;
				CLANG_WARN_OBJC_IMPLICIT_RETAIN_SELF = YES;
				CLANG_WARN_OBJC_LITERAL_CONVERSION = YES;
				CLANG_WARN_OBJC_ROOT_CLASS = YES_ERROR;
				CLANG_WARN_QUOTED_INCLUDE_IN_FRAMEWORK_HEADER = YES;
				CLANG_WARN_RANGE_LOOP_ANALYSIS = YES;
				CLANG_WARN_STRICT_PROTOTYPES = YES;
				CLANG_WARN_SUSPICIOUS_MOVE = YES;
				CLANG_WARN_UNGUARDED_AVAILABILITY = YES_AGGRESSIVE;
				CLANG_WARN_UNREACHABLE_CODE = YES;
				CLANG_WARN__DUPLICATE_METHOD_MATCH = YES;
				COPY_PHASE_STRIP = NO;
				DEBUG_INFORMATION_FORMAT = dwarf;
				ENABLE_STRICT_OBJC_MSGSEND = YES;
				ENABLE_TESTABILITY = YES;
				GCC_C_LANGUAGE_STANDARD = gnu11;
				GCC_DYNAMIC_NO_PIC = NO;
				GCC_NO_COMMON_BLOCKS = YES;
				GCC_OPTIMIZATION_LEVEL = 0;
				GCC_PREPROCESSOR_DEFINITIONS = (
					"DEBUG=1",
					"$(inherited)",
				);
				GCC_WARN_64_TO_32_BIT_CONVERSION = YES;
				GCC_WARN_ABOUT_RETURN_TYPE = YES_ERROR;
				GCC_WARN_UNDECLARED_SELECTOR = YES;
				GCC_WARN_UNINITIALIZED_AUTOS = YES_AGGRESSIVE;
				GCC_WARN_UNUSED_FUNCTION = YES;
				GCC_WARN_UNUSED_VARIABLE = YES;
				IPHONEOS_DEPLOYMENT_TARGET = 14.2;
				MTL_ENABLE_DEBUG_INFO = INCLUDE_SOURCE;
				MTL_FAST_MATH = YES;
				ONLY_ACTIVE_ARCH = YES;
				SDKROOT = iphoneos;
				SWIFT_ACTIVE_COMPILATION_CONDITIONS = DEBUG;
				SWIFT_OPTIMIZATION_LEVEL = "-Onone";
			};
			name = Debug;
		};
		74705F8D2598E01500C4CC93 /* Release */ = {
			isa = XCBuildConfiguration;
			buildSettings = {
				ALWAYS_SEARCH_USER_PATHS = NO;
				CLANG_ANALYZER_NONNULL = YES;
				CLANG_ANALYZER_NUMBER_OBJECT_CONVERSION = YES_AGGRESSIVE;
				CLANG_CXX_LANGUAGE_STANDARD = "gnu++14";
				CLANG_CXX_LIBRARY = "libc++";
				CLANG_ENABLE_MODULES = YES;
				CLANG_ENABLE_OBJC_ARC = YES;
				CLANG_ENABLE_OBJC_WEAK = YES;
				CLANG_WARN_BLOCK_CAPTURE_AUTORELEASING = YES;
				CLANG_WARN_BOOL_CONVERSION = YES;
				CLANG_WARN_COMMA = YES;
				CLANG_WARN_CONSTANT_CONVERSION = YES;
				CLANG_WARN_DEPRECATED_OBJC_IMPLEMENTATIONS = YES;
				CLANG_WARN_DIRECT_OBJC_ISA_USAGE = YES_ERROR;
				CLANG_WARN_DOCUMENTATION_COMMENTS = YES;
				CLANG_WARN_EMPTY_BODY = YES;
				CLANG_WARN_ENUM_CONVERSION = YES;
				CLANG_WARN_INFINITE_RECURSION = YES;
				CLANG_WARN_INT_CONVERSION = YES;
				CLANG_WARN_NON_LITERAL_NULL_CONVERSION = YES;
				CLANG_WARN_OBJC_IMPLICIT_RETAIN_SELF = YES;
				CLANG_WARN_OBJC_LITERAL_CONVERSION = YES;
				CLANG_WARN_OBJC_ROOT_CLASS = YES_ERROR;
				CLANG_WARN_QUOTED_INCLUDE_IN_FRAMEWORK_HEADER = YES;
				CLANG_WARN_RANGE_LOOP_ANALYSIS = YES;
				CLANG_WARN_STRICT_PROTOTYPES = YES;
				CLANG_WARN_SUSPICIOUS_MOVE = YES;
				CLANG_WARN_UNGUARDED_AVAILABILITY = YES_AGGRESSIVE;
				CLANG_WARN_UNREACHABLE_CODE = YES;
				CLANG_WARN__DUPLICATE_METHOD_MATCH = YES;
				COPY_PHASE_STRIP = NO;
				DEBUG_INFORMATION_FORMAT = "dwarf-with-dsym";
				ENABLE_NS_ASSERTIONS = NO;
				ENABLE_STRICT_OBJC_MSGSEND = YES;
				GCC_C_LANGUAGE_STANDARD = gnu11;
				GCC_NO_COMMON_BLOCKS = YES;
				GCC_WARN_64_TO_32_BIT_CONVERSION = YES;
				GCC_WARN_ABOUT_RETURN_TYPE = YES_ERROR;
				GCC_WARN_UNDECLARED_SELECTOR = YES;
				GCC_WARN_UNINITIALIZED_AUTOS = YES_AGGRESSIVE;
				GCC_WARN_UNUSED_FUNCTION = YES;
				GCC_WARN_UNUSED_VARIABLE = YES;
				IPHONEOS_DEPLOYMENT_TARGET = 14.2;
				MTL_ENABLE_DEBUG_INFO = NO;
				MTL_FAST_MATH = YES;
				SDKROOT = iphoneos;
				SWIFT_COMPILATION_MODE = wholemodule;
				SWIFT_OPTIMIZATION_LEVEL = "-O";
				VALIDATE_PRODUCT = YES;
			};
			name = Release;
		};
		74705F8F2598E01500C4CC93 /* Debug */ = {
			isa = XCBuildConfiguration;
			buildSettings = {
				ASSETCATALOG_COMPILER_APPICON_NAME = AppIcon;
				ASSETCATALOG_COMPILER_GLOBAL_ACCENT_COLOR_NAME = AccentColor;
				CODE_SIGN_STYLE = Automatic;
				DEVELOPMENT_TEAM = 2NR48U86L7;
				INFOPLIST_FILE = Internship/Configuration/Info.plist;
				IPHONEOS_DEPLOYMENT_TARGET = 14.0;
				LD_RUNPATH_SEARCH_PATHS = (
					"$(inherited)",
					"@executable_path/Frameworks",
				);
				PRODUCT_BUNDLE_IDENTIFIER = swift.Internship;
				PRODUCT_NAME = "$(TARGET_NAME)";
				SWIFT_VERSION = 5.0;
				TARGETED_DEVICE_FAMILY = 1;
			};
			name = Debug;
		};
		74705F902598E01500C4CC93 /* Release */ = {
			isa = XCBuildConfiguration;
			buildSettings = {
				ASSETCATALOG_COMPILER_APPICON_NAME = AppIcon;
				ASSETCATALOG_COMPILER_GLOBAL_ACCENT_COLOR_NAME = AccentColor;
				CODE_SIGN_STYLE = Automatic;
				DEVELOPMENT_TEAM = 2NR48U86L7;
				INFOPLIST_FILE = Internship/Configuration/Info.plist;
				IPHONEOS_DEPLOYMENT_TARGET = 14.0;
				LD_RUNPATH_SEARCH_PATHS = (
					"$(inherited)",
					"@executable_path/Frameworks",
				);
				PRODUCT_BUNDLE_IDENTIFIER = swift.Internship;
				PRODUCT_NAME = "$(TARGET_NAME)";
				SWIFT_VERSION = 5.0;
				TARGETED_DEVICE_FAMILY = 1;
			};
			name = Release;
		};
/* End XCBuildConfiguration section */

/* Begin XCConfigurationList section */
		74705F752598E01200C4CC93 /* Build configuration list for PBXProject "Internship" */ = {
			isa = XCConfigurationList;
			buildConfigurations = (
				74705F8C2598E01500C4CC93 /* Debug */,
				74705F8D2598E01500C4CC93 /* Release */,
			);
			defaultConfigurationIsVisible = 0;
			defaultConfigurationName = Release;
		};
		74705F8E2598E01500C4CC93 /* Build configuration list for PBXNativeTarget "Internship" */ = {
			isa = XCConfigurationList;
			buildConfigurations = (
				74705F8F2598E01500C4CC93 /* Debug */,
				74705F902598E01500C4CC93 /* Release */,
			);
			defaultConfigurationIsVisible = 0;
			defaultConfigurationName = Release;
		};
/* End XCConfigurationList section */
	};
	rootObject = 74705F722598E01200C4CC93 /* Project object */;
}
